
Microsoft Visual Studio Solution File, Format Version 12.00
# Visual Studio 2012
Project("{FAE04EC0-301F-11D3-BF4B-00C04F79EFBC}") = "dice thrower 1000 new", "dice thrower 1000 new.csproj", "{1AEAACC0-4604-484F-A0A6-AFA692D360C1}"
EndProject
Global
	GlobalSection(SolutionConfigurationPlatforms) = preSolution
		Debug|Any CPU = Debug|Any CPU
		Release|Any CPU = Release|Any CPU
	EndGlobalSection
	GlobalSection(ProjectConfigurationPlatforms) = postSolution
		{1AEAACC0-4604-484F-A0A6-AFA692D360C1}.Debug|Any CPU.ActiveCfg = Debug|Any CPU
		{1AEAACC0-4604-484F-A0A6-AFA692D360C1}.Debug|Any CPU.Build.0 = Debug|Any CPU
		{1AEAACC0-4604-484F-A0A6-AFA692D360C1}.Release|Any CPU.ActiveCfg = Release|Any CPU
		{1AEAACC0-4604-484F-A0A6-AFA692D360C1}.Release|Any CPU.Build.0 = Release|Any CPU
	EndGlobalSection
	GlobalSection(SolutionProperties) = preSolution
		HideSolutionNode = FALSE
	EndGlobalSection
EndGlobal
